
Microsoft Visual Studio Solution File, Format Version 12.00
# Visual Studio Version 16
VisualStudioVersion = 16.0.30413.136
MinimumVisualStudioVersion = 10.0.40219.1
Project("{F184B08F-C81C-45F6-A57F-5ABD9991F28F}") = "MultiplicationTable", "MultiplicationTable.vbproj", "{D19BE70E-E647-42FC-A5A9-623593131112}"
EndProject
Global
	GlobalSection(SolutionConfigurationPlatforms) = preSolution
		Debug|Any CPU = Debug|Any CPU
		Release|Any CPU = Release|Any CPU
	EndGlobalSection
	GlobalSection(ProjectConfigurationPlatforms) = postSolution
		{D19BE70E-E647-42FC-A5A9-623593131112}.Debug|Any CPU.ActiveCfg = Debug|Any CPU
		{D19BE70E-E647-42FC-A5A9-623593131112}.Debug|Any CPU.Build.0 = Debug|Any CPU
		{D19BE70E-E647-42FC-A5A9-623593131112}.Release|Any CPU.ActiveCfg = Release|Any CPU
		{D19BE70E-E647-42FC-A5A9-623593131112}.Release|Any CPU.Build.0 = Release|Any CPU
	EndGlobalSection
	GlobalSection(SolutionProperties) = preSolution
		HideSolutionNode = FALSE
	EndGlobalSection
	GlobalSection(ExtensibilityGlobals) = postSolution
		SolutionGuid = {520B1B9A-CC0F-4559-8919-9447ED2BBBD4}
	EndGlobalSection
EndGlobal
